
Microsoft Visual Studio Solution File, Format Version 12.00
# Visual Studio Version 17
VisualStudioVersion = 17.1.32228.430
MinimumVisualStudioVersion = 10.0.40219.1
Project("{FAE04EC0-301F-11D3-BF4B-00C04F79EFBC}") = "Sequence", "Sequence\Sequence.csproj", "{AA907B80-5038-47D4-B13B-D6E90837F9CD}"
EndProject
Global
	GlobalSection(SolutionConfigurationPlatforms) = preSolution
		Debug|Any CPU = Debug|Any CPU
		Release|Any CPU = Release|Any CPU
	EndGlobalSection
	GlobalSection(ProjectConfigurationPlatforms) = postSolution
		{AA907B80-5038-47D4-B13B-D6E90837F9CD}.Debug|Any CPU.ActiveCfg = Debug|Any CPU
		{AA907B80-5038-47D4-B13B-D6E90837F9CD}.Debug|Any CPU.Build.0 = Debug|Any CPU
		{AA907B80-5038-47D4-B13B-D6E90837F9CD}.Release|Any CPU.ActiveCfg = Release|Any CPU
		{AA907B80-5038-47D4-B13B-D6E90837F9CD}.Release|Any CPU.Build.0 = Release|Any CPU
	EndGlobalSection
	GlobalSection(SolutionProperties) = preSolution
		HideSolutionNode = FALSE
	EndGlobalSection
	GlobalSection(ExtensibilityGlobals) = postSolution
		SolutionGuid = {A42EA233-F791-4B16-AE4B-1721A647F3F2}
	EndGlobalSection
EndGlobal
